
Microsoft Visual Studio Solution File, Format Version 12.00
# Visual Studio Version 17
VisualStudioVersion = 17.9.34728.123
MinimumVisualStudioVersion = 10.0.40219.1
Project("{FAE04EC0-301F-11D3-BF4B-00C04F79EFBC}") = "WebBQA", "WebBQA\WebBQA.csproj", "{F8E1F436-FDE6-4767-A717-101C70B7528D}"
EndProject
Global
	GlobalSection(SolutionConfigurationPlatforms) = preSolution
		Debug|Any CPU = Debug|Any CPU
		Release|Any CPU = Release|Any CPU
	EndGlobalSection
	GlobalSection(ProjectConfigurationPlatforms) = postSolution
		{F8E1F436-FDE6-4767-A717-101C70B7528D}.Debug|Any CPU.ActiveCfg = Debug|Any CPU
		{F8E1F436-FDE6-4767-A717-101C70B7528D}.Debug|Any CPU.Build.0 = Debug|Any CPU
		{F8E1F436-FDE6-4767-A717-101C70B7528D}.Release|Any CPU.ActiveCfg = Release|Any CPU
		{F8E1F436-FDE6-4767-A717-101C70B7528D}.Release|Any CPU.Build.0 = Release|Any CPU
	EndGlobalSection
	GlobalSection(SolutionProperties) = preSolution
		HideSolutionNode = FALSE
	EndGlobalSection
	GlobalSection(ExtensibilityGlobals) = postSolution
		SolutionGuid = {1269057D-ABAB-413B-A91A-849715939D4F}
	EndGlobalSection
EndGlobal
